
Microsoft Visual Studio Solution File, Format Version 12.00
# Visual Studio Version 16
VisualStudioVersion = 16.0.31911.196
MinimumVisualStudioVersion = 10.0.40219.1
Project("{FAE04EC0-301F-11D3-BF4B-00C04F79EFBC}") = "ExcelTab", "ExcelTab\ExcelTab.csproj", "{DFE4CE5E-60F4-4F14-9E67-8F6603F84840}"
EndProject
Global
	GlobalSection(SolutionConfigurationPlatforms) = preSolution
		Debug|Any CPU = Debug|Any CPU
		Release|Any CPU = Release|Any CPU
	EndGlobalSection
	GlobalSection(ProjectConfigurationPlatforms) = postSolution
		{DFE4CE5E-60F4-4F14-9E67-8F6603F84840}.Debug|Any CPU.ActiveCfg = Debug|Any CPU
		{DFE4CE5E-60F4-4F14-9E67-8F6603F84840}.Debug|Any CPU.Build.0 = Debug|Any CPU
		{DFE4CE5E-60F4-4F14-9E67-8F6603F84840}.Release|Any CPU.ActiveCfg = Release|Any CPU
		{DFE4CE5E-60F4-4F14-9E67-8F6603F84840}.Release|Any CPU.Build.0 = Release|Any CPU
	EndGlobalSection
	GlobalSection(SolutionProperties) = preSolution
		HideSolutionNode = FALSE
	EndGlobalSection
	GlobalSection(ExtensibilityGlobals) = postSolution
		SolutionGuid = {FFA41D7F-600B-4AD9-894F-FF939CD2864E}
	EndGlobalSection
EndGlobal
